
Microsoft Visual Studio Solution File, Format Version 12.00
# Visual Studio Version 17
VisualStudioVersion = 17.0.32112.339
MinimumVisualStudioVersion = 10.0.40219.1
Project("{FAE04EC0-301F-11D3-BF4B-00C04F79EFBC}") = "Ingeloop.WPF.Core", "Ingeloop.WPF.Core\Ingeloop.WPF.Core.csproj", "{A1212136-0453-48A3-AE07-5AEBAC578452}"
EndProject
Global
	GlobalSection(SolutionConfigurationPlatforms) = preSolution
		Debug|Any CPU = Debug|Any CPU
		Release|Any CPU = Release|Any CPU
	EndGlobalSection
	GlobalSection(ProjectConfigurationPlatforms) = postSolution
		{A1212136-0453-48A3-AE07-5AEBAC578452}.Debug|Any CPU.ActiveCfg = Debug|Any CPU
		{A1212136-0453-48A3-AE07-5AEBAC578452}.Debug|Any CPU.Build.0 = Debug|Any CPU
		{A1212136-0453-48A3-AE07-5AEBAC578452}.Release|Any CPU.ActiveCfg = Release|Any CPU
		{A1212136-0453-48A3-AE07-5AEBAC578452}.Release|Any CPU.Build.0 = Release|Any CPU
	EndGlobalSection
	GlobalSection(SolutionProperties) = preSolution
		HideSolutionNode = FALSE
	EndGlobalSection
	GlobalSection(ExtensibilityGlobals) = postSolution
		SolutionGuid = {550DA8C7-7637-4857-B07B-7D0F609CE664}
	EndGlobalSection
EndGlobal
